<?xml version="1.0" encoding="utf-8"?>
<Project ToolsVersion="4.0" xmlns="http://schemas.microsoft.com/developer/msbuild/2003">
  <ItemGroup>
    <Filter Include="Source Files">
      <UniqueIdentifier>{4FC737F1-C7A5-4376-A066-2A32D752A2FF}</UniqueIdentifier>
      <Extensions>cpp;c;cc;cxx;def;odl;idl;hpj;bat;asm;asmx</Extensions>
    </Filter>
    <Filter Include="Header Files">
      <UniqueIdentifier>{93995380-89BD-4b04-88EB-625FBE52EBFB}</UniqueIdentifier>
      <Extensions>h;hh;hpp;hxx;hm;inl;inc;xsd</Extensions>
    </Filter>
    <Filter Include="Resource Files">
      <UniqueIdentifier>{67DA6AB6-F800-4c08-8B7A-83BB121AAD01}</UniqueIdentifier>
      <Extensions>rc;ico;cur;bmp;dlg;rc2;rct;bin;rgs;gif;jpg;jpeg;jpe;resx;tiff;tif;png;wav;mfcribbon-ms</Extensions>
    </Filter>
  </ItemGroup>
  <ItemGroup>
    <ClCompile Include="src\file\keydbcfg-lexer.c">
      <Filter>Source Files</Filter>
    </ClCompile>
    <ClCompile Include="src\file\keydbcfg-parser.c">
      <Filter>Source Files</Filter>
    </ClCompile>
    <ClCompile Include="..\..\src\libaacs\cci.c">
      <Filter>Source Files</Filter>
    </ClCompile>
    <ClCompile Include="..\..\src\libaacs\content_cert.c">
      <Filter>Source Files</Filter>
    </ClCompile>
    <ClCompile Include="..\..\src\file\file_win32.c">
      <Filter>Source Files</Filter>
    </ClCompile>
    <ClCompile Include="..\..\src\file\file.c">
      <Filter>Source Files</Filter>
    </ClCompile>
  </ItemGroup>
  <ItemGroup>
    <ClInclude Include="..\..\src\file\dirs_win32.c">
      <Filter>Source Files</Filter>
    </ClInclude>
    <ClInclude Include="..\..\src\file\keydbcfg.c">
      <Filter>Source Files</Filter>
    </ClInclude>
    <ClInclude Include="..\..\src\file\mmc_device_win32.c">
      <Filter>Source Files</Filter>
    </ClInclude>
    <ClInclude Include="..\..\src\libaacs\aacs.c">
      <Filter>Source Files</Filter>
    </ClInclude>
    <ClInclude Include="..\..\src\libaacs\crypto.c">
      <Filter>Source Files</Filter>
    </ClInclude>
    <ClInclude Include="..\..\src\libaacs\mkb.c">
      <Filter>Source Files</Filter>
    </ClInclude>
    <ClInclude Include="..\..\src\libaacs\mmc.c">
      <Filter>Source Files</Filter>
    </ClInclude>
    <ClInclude Include="..\..\src\util\logging.c">
      <Filter>Source Files</Filter>
    </ClInclude>
    <ClInclude Include="..\..\src\util\strutl.c">
      <Filter>Source Files</Filter>
    </ClInclude>
    <ClInclude Include="..\..\src\file\dirs.h">
      <Filter>Header Files</Filter>
    </ClInclude>
    <ClInclude Include="..\..\src\file\file.h">
      <Filter>Header Files</Filter>
    </ClInclude>
    <ClInclude Include="..\..\src\file\filesystem.h">
      <Filter>Header Files</Filter>
    </ClInclude>
    <ClInclude Include="..\..\src\file\keydb.h">
      <Filter>Header Files</Filter>
    </ClInclude>
    <ClInclude Include="..\..\src\file\keydbcfg.h">
      <Filter>Header Files</Filter>
    </ClInclude>
    <ClInclude Include="..\..\src\file\mmc_device.h">
      <Filter>Header Files</Filter>
    </ClInclude>
    <ClInclude Include="..\..\src\file\path.h">
      <Filter>Header Files</Filter>
    </ClInclude>
    <ClInclude Include="..\..\src\libaacs\aacs.h">
      <Filter>Header Files</Filter>
    </ClInclude>
    <ClInclude Include="..\..\src\libaacs\crypto.h">
      <Filter>Header Files</Filter>
    </ClInclude>
    <ClInclude Include="..\..\src\libaacs\mkb.h">
      <Filter>Header Files</Filter>
    </ClInclude>
    <ClInclude Include="..\..\src\libaacs\mmc.h">
      <Filter>Header Files</Filter>
    </ClInclude>
    <ClInclude Include="..\..\src\util\logging.h">
      <Filter>Header Files</Filter>
    </ClInclude>
    <ClInclude Include="..\..\src\util\macro.h">
      <Filter>Header Files</Filter>
    </ClInclude>
    <ClInclude Include="..\..\src\util\strutl.h">
      <Filter>Header Files</Filter>
    </ClInclude>
    <ClInclude Include="config.h">
      <Filter>Header Files</Filter>
    </ClInclude>
    <ClInclude Include="util\attributes.h">
      <Filter>Header Files</Filter>
    </ClInclude>
    <ClInclude Include="libaacs\aacs-version.h">
      <Filter>Header Files</Filter>
    </ClInclude>
    <ClInclude Include="..\..\src\libaacs\content_cert.h">
      <Filter>Header Files</Filter>
    </ClInclude>
  </ItemGroup>
  <ItemGroup>
    <None Include="aacs.def">
      <Filter>Source Files</Filter>
    </None>
  </ItemGroup>
</Project>